
Microsoft Visual Studio Solution File, Format Version 12.00
# Visual Studio Version 17
VisualStudioVersion = 17.1.32319.34
MinimumVisualStudioVersion = 10.0.40219.1
Project("{FAE04EC0-301F-11D3-BF4B-00C04F79EFBC}") = "WA.Pizza.API", "WA.Pizza.API\WA.Pizza.API.csproj", "{1FD160C5-7DD3-4EFF-8E02-26B1C49831D8}"
EndProject
Project("{FAE04EC0-301F-11D3-BF4B-00C04F79EFBC}") = "WA.Pizza.Infrastructure", "WA.Pizza.Infrastructure\WA.Pizza.Infrastructure.csproj", "{2CAFA6EF-9FD6-4295-A693-1FC7B3D0A6E0}"
EndProject
Project("{FAE04EC0-301F-11D3-BF4B-00C04F79EFBC}") = "WA.Pizza.Core", "WA.Pizza.Core\WA.Pizza.Core.csproj", "{7CA2A867-A714-447F-AFC9-77F81C126B0A}"
EndProject
Global
	GlobalSection(SolutionConfigurationPlatforms) = preSolution
		Debug|Any CPU = Debug|Any CPU
		Release|Any CPU = Release|Any CPU
	EndGlobalSection
	GlobalSection(ProjectConfigurationPlatforms) = postSolution
		{1FD160C5-7DD3-4EFF-8E02-26B1C49831D8}.Debug|Any CPU.ActiveCfg = Debug|Any CPU
		{1FD160C5-7DD3-4EFF-8E02-26B1C49831D8}.Debug|Any CPU.Build.0 = Debug|Any CPU
		{1FD160C5-7DD3-4EFF-8E02-26B1C49831D8}.Release|Any CPU.ActiveCfg = Release|Any CPU
		{1FD160C5-7DD3-4EFF-8E02-26B1C49831D8}.Release|Any CPU.Build.0 = Release|Any CPU
		{2CAFA6EF-9FD6-4295-A693-1FC7B3D0A6E0}.Debug|Any CPU.ActiveCfg = Debug|Any CPU
		{2CAFA6EF-9FD6-4295-A693-1FC7B3D0A6E0}.Debug|Any CPU.Build.0 = Debug|Any CPU
		{2CAFA6EF-9FD6-4295-A693-1FC7B3D0A6E0}.Release|Any CPU.ActiveCfg = Release|Any CPU
		{2CAFA6EF-9FD6-4295-A693-1FC7B3D0A6E0}.Release|Any CPU.Build.0 = Release|Any CPU
		{7CA2A867-A714-447F-AFC9-77F81C126B0A}.Debug|Any CPU.ActiveCfg = Debug|Any CPU
		{7CA2A867-A714-447F-AFC9-77F81C126B0A}.Debug|Any CPU.Build.0 = Debug|Any CPU
		{7CA2A867-A714-447F-AFC9-77F81C126B0A}.Release|Any CPU.ActiveCfg = Release|Any CPU
		{7CA2A867-A714-447F-AFC9-77F81C126B0A}.Release|Any CPU.Build.0 = Release|Any CPU
	EndGlobalSection
	GlobalSection(SolutionProperties) = preSolution
		HideSolutionNode = FALSE
	EndGlobalSection
	GlobalSection(ExtensibilityGlobals) = postSolution
		SolutionGuid = {BE78CFB3-5931-416B-ABD0-26F9CEFB55B0}
	EndGlobalSection
EndGlobal
